
Microsoft Visual Studio Solution File, Format Version 12.00
# Visual Studio Version 16
VisualStudioVersion = 16.0.30413.136
MinimumVisualStudioVersion = 10.0.40219.1
Project("{FAE04EC0-301F-11D3-BF4B-00C04F79EFBC}") = "NetCore_Blog_Api", "NetCore_Blog_Api\NetCore_Blog_Api.csproj", "{75B7A5AA-6593-4822-BE56-7F972DDAE80B}"
EndProject
Project("{FAE04EC0-301F-11D3-BF4B-00C04F79EFBC}") = "NetCoreDBContex", "NetCoreDBContex\NetCoreDBContex.csproj", "{2FE2BCB7-9001-49CC-B9D2-65E71E9E9C82}"
EndProject
Global
	GlobalSection(SolutionConfigurationPlatforms) = preSolution
		Debug|Any CPU = Debug|Any CPU
		Release|Any CPU = Release|Any CPU
	EndGlobalSection
	GlobalSection(ProjectConfigurationPlatforms) = postSolution
		{75B7A5AA-6593-4822-BE56-7F972DDAE80B}.Debug|Any CPU.ActiveCfg = Debug|Any CPU
		{75B7A5AA-6593-4822-BE56-7F972DDAE80B}.Debug|Any CPU.Build.0 = Debug|Any CPU
		{75B7A5AA-6593-4822-BE56-7F972DDAE80B}.Release|Any CPU.ActiveCfg = Release|Any CPU
		{75B7A5AA-6593-4822-BE56-7F972DDAE80B}.Release|Any CPU.Build.0 = Release|Any CPU
		{2FE2BCB7-9001-49CC-B9D2-65E71E9E9C82}.Debug|Any CPU.ActiveCfg = Debug|Any CPU
		{2FE2BCB7-9001-49CC-B9D2-65E71E9E9C82}.Debug|Any CPU.Build.0 = Debug|Any CPU
		{2FE2BCB7-9001-49CC-B9D2-65E71E9E9C82}.Release|Any CPU.ActiveCfg = Release|Any CPU
		{2FE2BCB7-9001-49CC-B9D2-65E71E9E9C82}.Release|Any CPU.Build.0 = Release|Any CPU
	EndGlobalSection
	GlobalSection(SolutionProperties) = preSolution
		HideSolutionNode = FALSE
	EndGlobalSection
	GlobalSection(ExtensibilityGlobals) = postSolution
		SolutionGuid = {9B606BA7-8FEC-4DC0-9F6F-EE4618589512}
	EndGlobalSection
EndGlobal
